
Microsoft Visual Studio Solution File, Format Version 11.00
# Visual Studio 2010
Project("{8BC9CEB8-8B4A-11D0-8D11-00A0C91BC942}") = "PX2Core_VC100", "PX2Core\PX2Core_VC100.vcxproj", "{FD5A7A63-5763-4D25-A88F-74544DECF5DA}"
EndProject
Project("{8BC9CEB8-8B4A-11D0-8D11-00A0C91BC942}") = "PX2Mathematics_VC100", "PX2Mathematics\PX2Mathematics_VC100.vcxproj", "{7CDD58B4-04F8-4A47-BD29-7DB68948BD5F}"
	ProjectSection(ProjectDependencies) = postProject
		{FD5A7A63-5763-4D25-A88F-74544DECF5DA} = {FD5A7A63-5763-4D25-A88F-74544DECF5DA}
	EndProjectSection
EndProject
Project("{2150E333-8FDC-42A3-9474-1A3956D46DE8}") = "Libraries", "Libraries", "{FD489100-777B-4723-89A8-4C51FEE0D796}"
EndProject
Project("{8BC9CEB8-8B4A-11D0-8D11-00A0C91BC942}") = "PX2GraphicsOpenGLES2_VC100", "PX2Graphics\PX2GraphicsOpenGLES2_VC100.vcxproj", "{C409C416-7C7A-4318-B235-0B0D51BEB06E}"
	ProjectSection(ProjectDependencies) = postProject
		{FD5A7A63-5763-4D25-A88F-74544DECF5DA} = {FD5A7A63-5763-4D25-A88F-74544DECF5DA}
		{7CDD58B4-04F8-4A47-BD29-7DB68948BD5F} = {7CDD58B4-04F8-4A47-BD29-7DB68948BD5F}
	EndProjectSection
EndProject
Project("{8BC9CEB8-8B4A-11D0-8D11-00A0C91BC942}") = "PX2AppFrameOpenGLES2_VC100", "PX2AppFrame\PX2AppFrameOpenGLES2_VC100.vcxproj", "{97D918C4-1A28-4D49-BDD5-A21605491E42}"
	ProjectSection(ProjectDependencies) = postProject
		{E80D3111-E2B8-478C-ADE2-9F9DC42C22D8} = {E80D3111-E2B8-478C-ADE2-9F9DC42C22D8}
		{C409C416-7C7A-4318-B235-0B0D51BEB06E} = {C409C416-7C7A-4318-B235-0B0D51BEB06E}
		{D3FC8152-888D-4A77-92B9-F435867DE073} = {D3FC8152-888D-4A77-92B9-F435867DE073}
		{87A40857-076B-437B-8F6E-170E7A8F2BF0} = {87A40857-076B-437B-8F6E-170E7A8F2BF0}
		{FD5A7A63-5763-4D25-A88F-74544DECF5DA} = {FD5A7A63-5763-4D25-A88F-74544DECF5DA}
		{0DE5B674-3216-4899-91F1-58F88DDE70EC} = {0DE5B674-3216-4899-91F1-58F88DDE70EC}
		{ABAB3D8F-DB63-47E6-966D-C4DF261E9E56} = {ABAB3D8F-DB63-47E6-966D-C4DF261E9E56}
		{49FE49B3-29FB-4E52-88CC-815AC0508FAC} = {49FE49B3-29FB-4E52-88CC-815AC0508FAC}
		{7CDD58B4-04F8-4A47-BD29-7DB68948BD5F} = {7CDD58B4-04F8-4A47-BD29-7DB68948BD5F}
		{DB3D5AEB-0813-42AB-B349-1177908654AB} = {DB3D5AEB-0813-42AB-B349-1177908654AB}
	EndProjectSection
EndProject
Project("{8BC9CEB8-8B4A-11D0-8D11-00A0C91BC942}") = "PX2Unity_VC100", "PX2Unity\PX2Unity_VC100.vcxproj", "{ABAB3D8F-DB63-47E6-966D-C4DF261E9E56}"
	ProjectSection(ProjectDependencies) = postProject
		{C409C416-7C7A-4318-B235-0B0D51BEB06E} = {C409C416-7C7A-4318-B235-0B0D51BEB06E}
		{FD5A7A63-5763-4D25-A88F-74544DECF5DA} = {FD5A7A63-5763-4D25-A88F-74544DECF5DA}
		{7CDD58B4-04F8-4A47-BD29-7DB68948BD5F} = {7CDD58B4-04F8-4A47-BD29-7DB68948BD5F}
	EndProjectSection
EndProject
Project("{8BC9CEB8-8B4A-11D0-8D11-00A0C91BC942}") = "PX2EventSystem_VC100", "PX2EventSystem\PX2EventSystem_VC100.vcxproj", "{49FE49B3-29FB-4E52-88CC-815AC0508FAC}"
	ProjectSection(ProjectDependencies) = postProject
		{FD5A7A63-5763-4D25-A88F-74544DECF5DA} = {FD5A7A63-5763-4D25-A88F-74544DECF5DA}
	EndProjectSection
EndProject
Project("{8BC9CEB8-8B4A-11D0-8D11-00A0C91BC942}") = "PX2Game_VC100", "PX2Game\PX2Game_VC100.vcxproj", "{87A40857-076B-437B-8F6E-170E7A8F2BF0}"
	ProjectSection(ProjectDependencies) = postProject
		{C409C416-7C7A-4318-B235-0B0D51BEB06E} = {C409C416-7C7A-4318-B235-0B0D51BEB06E}
		{FD5A7A63-5763-4D25-A88F-74544DECF5DA} = {FD5A7A63-5763-4D25-A88F-74544DECF5DA}
		{ABAB3D8F-DB63-47E6-966D-C4DF261E9E56} = {ABAB3D8F-DB63-47E6-966D-C4DF261E9E56}
		{49FE49B3-29FB-4E52-88CC-815AC0508FAC} = {49FE49B3-29FB-4E52-88CC-815AC0508FAC}
		{7CDD58B4-04F8-4A47-BD29-7DB68948BD5F} = {7CDD58B4-04F8-4A47-BD29-7DB68948BD5F}
	EndProjectSection
EndProject
Project("{2150E333-8FDC-42A3-9474-1A3956D46DE8}") = "GamePlay", "GamePlay", "{4B575A31-308C-43A4-BE27-814ADCB03B25}"
EndProject
Project("{8BC9CEB8-8B4A-11D0-8D11-00A0C91BC942}") = "PX2GamePlayOpenGLES2_VC100", "GamePlay\PX2GamePlayOpenGLES2_VC100.vcxproj", "{33B46B47-7B42-4A3D-BBA8-D152BF6FDF2E}"
	ProjectSection(ProjectDependencies) = postProject
		{97D918C4-1A28-4D49-BDD5-A21605491E42} = {97D918C4-1A28-4D49-BDD5-A21605491E42}
	EndProjectSection
EndProject
Project("{8BC9CEB8-8B4A-11D0-8D11-00A0C91BC942}") = "PX2Effect_VC100", "PX2Effect\PX2Effect_VC100.vcxproj", "{0DE5B674-3216-4899-91F1-58F88DDE70EC}"
EndProject
Project("{8BC9CEB8-8B4A-11D0-8D11-00A0C91BC942}") = "PX2Terrains_VC100", "PX2Terrains\PX2Terrains_VC100.vcxproj", "{E80D3111-E2B8-478C-ADE2-9F9DC42C22D8}"
EndProject
Project("{8BC9CEB8-8B4A-11D0-8D11-00A0C91BC942}") = "PX2UserInterface_VC100", "PX2UserInterface\PX2UserInterface_VC100.vcxproj", "{DB3D5AEB-0813-42AB-B349-1177908654AB}"
EndProject
Project("{8BC9CEB8-8B4A-11D0-8D11-00A0C91BC942}") = "PX2Input_VC100", "PX2Input\PX2Input_VC100.vcxproj", "{D3FC8152-888D-4A77-92B9-F435867DE073}"
EndProject
Global
	GlobalSection(SolutionConfigurationPlatforms) = preSolution
		Debug|Win32 = Debug|Win32
		Debug|x64 = Debug|x64
		Release|Win32 = Release|Win32
		Release|x64 = Release|x64
	EndGlobalSection
	GlobalSection(ProjectConfigurationPlatforms) = postSolution
		{FD5A7A63-5763-4D25-A88F-74544DECF5DA}.Debug|Win32.ActiveCfg = Debug|Win32
		{FD5A7A63-5763-4D25-A88F-74544DECF5DA}.Debug|Win32.Build.0 = Debug|Win32
		{FD5A7A63-5763-4D25-A88F-74544DECF5DA}.Debug|x64.ActiveCfg = Debug|x64
		{FD5A7A63-5763-4D25-A88F-74544DECF5DA}.Debug|x64.Build.0 = Debug|x64
		{FD5A7A63-5763-4D25-A88F-74544DECF5DA}.Release|Win32.ActiveCfg = Release|Win32
		{FD5A7A63-5763-4D25-A88F-74544DECF5DA}.Release|Win32.Build.0 = Release|Win32
		{FD5A7A63-5763-4D25-A88F-74544DECF5DA}.Release|x64.ActiveCfg = Release|x64
		{FD5A7A63-5763-4D25-A88F-74544DECF5DA}.Release|x64.Build.0 = Release|x64
		{7CDD58B4-04F8-4A47-BD29-7DB68948BD5F}.Debug|Win32.ActiveCfg = Debug|Win32
		{7CDD58B4-04F8-4A47-BD29-7DB68948BD5F}.Debug|Win32.Build.0 = Debug|Win32
		{7CDD58B4-04F8-4A47-BD29-7DB68948BD5F}.Debug|x64.ActiveCfg = Debug|Win32
		{7CDD58B4-04F8-4A47-BD29-7DB68948BD5F}.Release|Win32.ActiveCfg = Release|Win32
		{7CDD58B4-04F8-4A47-BD29-7DB68948BD5F}.Release|Win32.Build.0 = Release|Win32
		{7CDD58B4-04F8-4A47-BD29-7DB68948BD5F}.Release|x64.ActiveCfg = Release|Win32
		{C409C416-7C7A-4318-B235-0B0D51BEB06E}.Debug|Win32.ActiveCfg = Debug|Win32
		{C409C416-7C7A-4318-B235-0B0D51BEB06E}.Debug|Win32.Build.0 = Debug|Win32
		{C409C416-7C7A-4318-B235-0B0D51BEB06E}.Debug|x64.ActiveCfg = Debug|Win32
		{C409C416-7C7A-4318-B235-0B0D51BEB06E}.Release|Win32.ActiveCfg = Release|Win32
		{C409C416-7C7A-4318-B235-0B0D51BEB06E}.Release|Win32.Build.0 = Release|Win32
		{C409C416-7C7A-4318-B235-0B0D51BEB06E}.Release|x64.ActiveCfg = Release|Win32
		{97D918C4-1A28-4D49-BDD5-A21605491E42}.Debug|Win32.ActiveCfg = Debug|Win32
		{97D918C4-1A28-4D49-BDD5-A21605491E42}.Debug|Win32.Build.0 = Debug|Win32
		{97D918C4-1A28-4D49-BDD5-A21605491E42}.Debug|x64.ActiveCfg = Debug|Win32
		{97D918C4-1A28-4D49-BDD5-A21605491E42}.Release|Win32.ActiveCfg = Release|Win32
		{97D918C4-1A28-4D49-BDD5-A21605491E42}.Release|Win32.Build.0 = Release|Win32
		{97D918C4-1A28-4D49-BDD5-A21605491E42}.Release|x64.ActiveCfg = Release|Win32
		{ABAB3D8F-DB63-47E6-966D-C4DF261E9E56}.Debug|Win32.ActiveCfg = Debug|Win32
		{ABAB3D8F-DB63-47E6-966D-C4DF261E9E56}.Debug|Win32.Build.0 = Debug|Win32
		{ABAB3D8F-DB63-47E6-966D-C4DF261E9E56}.Debug|x64.ActiveCfg = Debug|Win32
		{ABAB3D8F-DB63-47E6-966D-C4DF261E9E56}.Release|Win32.ActiveCfg = Release|Win32
		{ABAB3D8F-DB63-47E6-966D-C4DF261E9E56}.Release|Win32.Build.0 = Release|Win32
		{ABAB3D8F-DB63-47E6-966D-C4DF261E9E56}.Release|x64.ActiveCfg = Release|Win32
		{49FE49B3-29FB-4E52-88CC-815AC0508FAC}.Debug|Win32.ActiveCfg = Debug|Win32
		{49FE49B3-29FB-4E52-88CC-815AC0508FAC}.Debug|Win32.Build.0 = Debug|Win32
		{49FE49B3-29FB-4E52-88CC-815AC0508FAC}.Debug|x64.ActiveCfg = Debug|x64
		{49FE49B3-29FB-4E52-88CC-815AC0508FAC}.Debug|x64.Build.0 = Debug|x64
		{49FE49B3-29FB-4E52-88CC-815AC0508FAC}.Release|Win32.ActiveCfg = Release|Win32
		{49FE49B3-29FB-4E52-88CC-815AC0508FAC}.Release|Win32.Build.0 = Release|Win32
		{49FE49B3-29FB-4E52-88CC-815AC0508FAC}.Release|x64.ActiveCfg = Release|x64
		{49FE49B3-29FB-4E52-88CC-815AC0508FAC}.Release|x64.Build.0 = Release|x64
		{87A40857-076B-437B-8F6E-170E7A8F2BF0}.Debug|Win32.ActiveCfg = Debug|Win32
		{87A40857-076B-437B-8F6E-170E7A8F2BF0}.Debug|Win32.Build.0 = Debug|Win32
		{87A40857-076B-437B-8F6E-170E7A8F2BF0}.Debug|x64.ActiveCfg = Debug|x64
		{87A40857-076B-437B-8F6E-170E7A8F2BF0}.Debug|x64.Build.0 = Debug|x64
		{87A40857-076B-437B-8F6E-170E7A8F2BF0}.Release|Win32.ActiveCfg = Release|Win32
		{87A40857-076B-437B-8F6E-170E7A8F2BF0}.Release|Win32.Build.0 = Release|Win32
		{87A40857-076B-437B-8F6E-170E7A8F2BF0}.Release|x64.ActiveCfg = Release|x64
		{87A40857-076B-437B-8F6E-170E7A8F2BF0}.Release|x64.Build.0 = Release|x64
		{33B46B47-7B42-4A3D-BBA8-D152BF6FDF2E}.Debug|Win32.ActiveCfg = Debug|Win32
		{33B46B47-7B42-4A3D-BBA8-D152BF6FDF2E}.Debug|Win32.Build.0 = Debug|Win32
		{33B46B47-7B42-4A3D-BBA8-D152BF6FDF2E}.Debug|x64.ActiveCfg = Debug|Win32
		{33B46B47-7B42-4A3D-BBA8-D152BF6FDF2E}.Release|Win32.ActiveCfg = Release|Win32
		{33B46B47-7B42-4A3D-BBA8-D152BF6FDF2E}.Release|Win32.Build.0 = Release|Win32
		{33B46B47-7B42-4A3D-BBA8-D152BF6FDF2E}.Release|x64.ActiveCfg = Release|Win32
		{0DE5B674-3216-4899-91F1-58F88DDE70EC}.Debug|Win32.ActiveCfg = Debug|Win32
		{0DE5B674-3216-4899-91F1-58F88DDE70EC}.Debug|Win32.Build.0 = Debug|Win32
		{0DE5B674-3216-4899-91F1-58F88DDE70EC}.Debug|x64.ActiveCfg = Debug|Win32
		{0DE5B674-3216-4899-91F1-58F88DDE70EC}.Release|Win32.ActiveCfg = Release|Win32
		{0DE5B674-3216-4899-91F1-58F88DDE70EC}.Release|Win32.Build.0 = Release|Win32
		{0DE5B674-3216-4899-91F1-58F88DDE70EC}.Release|x64.ActiveCfg = Release|Win32
		{E80D3111-E2B8-478C-ADE2-9F9DC42C22D8}.Debug|Win32.ActiveCfg = Debug|Win32
		{E80D3111-E2B8-478C-ADE2-9F9DC42C22D8}.Debug|Win32.Build.0 = Debug|Win32
		{E80D3111-E2B8-478C-ADE2-9F9DC42C22D8}.Debug|x64.ActiveCfg = Debug|Win32
		{E80D3111-E2B8-478C-ADE2-9F9DC42C22D8}.Release|Win32.ActiveCfg = Release|Win32
		{E80D3111-E2B8-478C-ADE2-9F9DC42C22D8}.Release|Win32.Build.0 = Release|Win32
		{E80D3111-E2B8-478C-ADE2-9F9DC42C22D8}.Release|x64.ActiveCfg = Release|Win32
		{DB3D5AEB-0813-42AB-B349-1177908654AB}.Debug|Win32.ActiveCfg = Debug|Win32
		{DB3D5AEB-0813-42AB-B349-1177908654AB}.Debug|Win32.Build.0 = Debug|Win32
		{DB3D5AEB-0813-42AB-B349-1177908654AB}.Debug|x64.ActiveCfg = Debug|Win32
		{DB3D5AEB-0813-42AB-B349-1177908654AB}.Release|Win32.ActiveCfg = Release|Win32
		{DB3D5AEB-0813-42AB-B349-1177908654AB}.Release|Win32.Build.0 = Release|Win32
		{DB3D5AEB-0813-42AB-B349-1177908654AB}.Release|x64.ActiveCfg = Release|Win32
		{D3FC8152-888D-4A77-92B9-F435867DE073}.Debug|Win32.ActiveCfg = Debug|Win32
		{D3FC8152-888D-4A77-92B9-F435867DE073}.Debug|Win32.Build.0 = Debug|Win32
		{D3FC8152-888D-4A77-92B9-F435867DE073}.Debug|x64.ActiveCfg = Debug|Win32
		{D3FC8152-888D-4A77-92B9-F435867DE073}.Release|Win32.ActiveCfg = Release|Win32
		{D3FC8152-888D-4A77-92B9-F435867DE073}.Release|Win32.Build.0 = Release|Win32
		{D3FC8152-888D-4A77-92B9-F435867DE073}.Release|x64.ActiveCfg = Release|Win32
	EndGlobalSection
	GlobalSection(SolutionProperties) = preSolution
		HideSolutionNode = FALSE
	EndGlobalSection
	GlobalSection(NestedProjects) = preSolution
		{7CDD58B4-04F8-4A47-BD29-7DB68948BD5F} = {FD489100-777B-4723-89A8-4C51FEE0D796}
		{FD5A7A63-5763-4D25-A88F-74544DECF5DA} = {FD489100-777B-4723-89A8-4C51FEE0D796}
		{C409C416-7C7A-4318-B235-0B0D51BEB06E} = {FD489100-777B-4723-89A8-4C51FEE0D796}
		{97D918C4-1A28-4D49-BDD5-A21605491E42} = {FD489100-777B-4723-89A8-4C51FEE0D796}
		{ABAB3D8F-DB63-47E6-966D-C4DF261E9E56} = {FD489100-777B-4723-89A8-4C51FEE0D796}
		{49FE49B3-29FB-4E52-88CC-815AC0508FAC} = {FD489100-777B-4723-89A8-4C51FEE0D796}
		{87A40857-076B-437B-8F6E-170E7A8F2BF0} = {FD489100-777B-4723-89A8-4C51FEE0D796}
		{0DE5B674-3216-4899-91F1-58F88DDE70EC} = {FD489100-777B-4723-89A8-4C51FEE0D796}
		{E80D3111-E2B8-478C-ADE2-9F9DC42C22D8} = {FD489100-777B-4723-89A8-4C51FEE0D796}
		{DB3D5AEB-0813-42AB-B349-1177908654AB} = {FD489100-777B-4723-89A8-4C51FEE0D796}
		{D3FC8152-888D-4A77-92B9-F435867DE073} = {FD489100-777B-4723-89A8-4C51FEE0D796}
		{33B46B47-7B42-4A3D-BBA8-D152BF6FDF2E} = {4B575A31-308C-43A4-BE27-814ADCB03B25}
	EndGlobalSection
EndGlobal
