
Microsoft Visual Studio Solution File, Format Version 10.00
# Visual Studio 2008
Project("{2150E333-8FDC-42A3-9474-1A3956D46DE8}") = "SampleApps", "SampleApps", "{A6328D7C-8E4F-4056-9EE7-2B44D0B00EE0}"
EndProject
Project("{2150E333-8FDC-42A3-9474-1A3956D46DE8}") = "Tools", "Tools", "{8AB6FDC1-F416-43FE-8EC3-16A1E663DDEE}"
EndProject
Project("{2150E333-8FDC-42A3-9474-1A3956D46DE8}") = "ThirdPartiesLibraries", "ThirdPartiesLibraries", "{2BE550C8-F8DB-4643-9C41-F36B3E808CF6}"
EndProject
Project("{2150E333-8FDC-42A3-9474-1A3956D46DE8}") = "Atlus", "Atlus", "{B1521CF8-165A-4CE8-AA83-866D8C1D41A7}"
EndProject
Project("{8BC9CEB8-8B4A-11D0-8D11-00A0C91BC942}") = "TinyXML_VC90", "..\..\ThirdPartiesLibsDependent\TinyXML\TinyXML_VC80.vcproj", "{F6600AB9-4229-4693-9252-9300051FE4FA}"
EndProject
Project("{8BC9CEB8-8B4A-11D0-8D11-00A0C91BC942}") = "PX2Core_VC90", "..\..\PX2Core\PX2Core_VC90.vcproj", "{698AE108-F7FF-463C-BD83-E10372CA38C3}"
EndProject
Project("{8BC9CEB8-8B4A-11D0-8D11-00A0C91BC942}") = "PX2Mathematics_VC90", "..\..\PX2Mathematics\PX2Mathematics_VC90.vcproj", "{30A519EC-1A72-49EE-9FAF-6F5DED42CA43}"
	ProjectSection(ProjectDependencies) = postProject
		{698AE108-F7FF-463C-BD83-E10372CA38C3} = {698AE108-F7FF-463C-BD83-E10372CA38C3}
	EndProjectSection
EndProject
Project("{8BC9CEB8-8B4A-11D0-8D11-00A0C91BC942}") = "PX2Terrain_VC90", "..\..\PX2Terrain\PX2Terrain_VC90.vcproj", "{BC0EE4FE-8A31-462B-A228-39B9B3C9F64C}"
	ProjectSection(ProjectDependencies) = postProject
		{698AE108-F7FF-463C-BD83-E10372CA38C3} = {698AE108-F7FF-463C-BD83-E10372CA38C3}
		{DE762763-ECE0-4439-9559-A20A3ECAC10D} = {DE762763-ECE0-4439-9559-A20A3ECAC10D}
	EndProjectSection
EndProject
Project("{8BC9CEB8-8B4A-11D0-8D11-00A0C91BC942}") = "PX2Unity_VC90", "..\..\PX2Unity\PX2Unity_VC90.vcproj", "{559C72F9-C42C-4906-96C7-0CDE9E20102B}"
EndProject
Project("{2150E333-8FDC-42A3-9474-1A3956D46DE8}") = "Libraries", "Libraries", "{47826DB4-E12C-4A35-9961-1AA19F9D0256}"
EndProject
Project("{8BC9CEB8-8B4A-11D0-8D11-00A0C91BC942}") = "PX2SoundSystem_VC90", "..\..\PX2SoundSystem\PX2SoundSystem_VC90.vcproj", "{2DE2C1E5-799C-4CB4-8BC2-F9E7122E29E4}"
EndProject
Project("{8BC9CEB8-8B4A-11D0-8D11-00A0C91BC942}") = "PX2Graphics_VC90", "..\..\PX2Graphics\PX2Graphics_VC90.vcproj", "{DE762763-ECE0-4439-9559-A20A3ECAC10D}"
	ProjectSection(ProjectDependencies) = postProject
		{698AE108-F7FF-463C-BD83-E10372CA38C3} = {698AE108-F7FF-463C-BD83-E10372CA38C3}
		{30A519EC-1A72-49EE-9FAF-6F5DED42CA43} = {30A519EC-1A72-49EE-9FAF-6F5DED42CA43}
	EndProjectSection
EndProject
Project("{8BC9CEB8-8B4A-11D0-8D11-00A0C91BC942}") = "PX2Effect_VC90", "..\..\PX2Effect\PX2Effect_VC90.vcproj", "{27135008-A0D4-4065-BF02-E82A55F813C8}"
	ProjectSection(ProjectDependencies) = postProject
		{698AE108-F7FF-463C-BD83-E10372CA38C3} = {698AE108-F7FF-463C-BD83-E10372CA38C3}
		{DE762763-ECE0-4439-9559-A20A3ECAC10D} = {DE762763-ECE0-4439-9559-A20A3ECAC10D}
		{30A519EC-1A72-49EE-9FAF-6F5DED42CA43} = {30A519EC-1A72-49EE-9FAF-6F5DED42CA43}
	EndProjectSection
EndProject
Project("{8BC9CEB8-8B4A-11D0-8D11-00A0C91BC942}") = "PX2UserInterface_VC90", "..\..\PX2UserInterface\PX2UserInterface_VC90.vcproj", "{662D413A-C2F0-4D8E-8911-5C0E25144B2E}"
EndProject
Project("{8BC9CEB8-8B4A-11D0-8D11-00A0C91BC942}") = "PX2EventSystem_VC90", "..\..\PX2EventSystem\PX2EventSystem_VC90.vcproj", "{378DC592-CE7C-4869-BA5E-EA42E9707429}"
EndProject
Project("{8BC9CEB8-8B4A-11D0-8D11-00A0C91BC942}") = "PX2Bullet_VC90", "..\..\PX2Bullet\PX2Bullet_VC90.vcproj", "{240A8EEE-D587-45A0-A1E6-271C2A709A6C}"
EndProject
Project("{8BC9CEB8-8B4A-11D0-8D11-00A0C91BC942}") = "PX2Game_VC90", "..\..\PX2Game\PX2Game_VC90.vcproj", "{B8D835C2-B792-44F3-A55C-CDCF07419152}"
	ProjectSection(ProjectDependencies) = postProject
		{27135008-A0D4-4065-BF02-E82A55F813C8} = {27135008-A0D4-4065-BF02-E82A55F813C8}
		{698AE108-F7FF-463C-BD83-E10372CA38C3} = {698AE108-F7FF-463C-BD83-E10372CA38C3}
		{662D413A-C2F0-4D8E-8911-5C0E25144B2E} = {662D413A-C2F0-4D8E-8911-5C0E25144B2E}
		{DE762763-ECE0-4439-9559-A20A3ECAC10D} = {DE762763-ECE0-4439-9559-A20A3ECAC10D}
		{378DC592-CE7C-4869-BA5E-EA42E9707429} = {378DC592-CE7C-4869-BA5E-EA42E9707429}
		{2DE2C1E5-799C-4CB4-8BC2-F9E7122E29E4} = {2DE2C1E5-799C-4CB4-8BC2-F9E7122E29E4}
		{30A519EC-1A72-49EE-9FAF-6F5DED42CA43} = {30A519EC-1A72-49EE-9FAF-6F5DED42CA43}
		{240A8EEE-D587-45A0-A1E6-271C2A709A6C} = {240A8EEE-D587-45A0-A1E6-271C2A709A6C}
		{559C72F9-C42C-4906-96C7-0CDE9E20102B} = {559C72F9-C42C-4906-96C7-0CDE9E20102B}
		{BC0EE4FE-8A31-462B-A228-39B9B3C9F64C} = {BC0EE4FE-8A31-462B-A228-39B9B3C9F64C}
	EndProjectSection
EndProject
Project("{8BC9CEB8-8B4A-11D0-8D11-00A0C91BC942}") = "PX2AppFrame_VC90", "..\..\PX2AppFrame\PX2AppFrame_VC90.vcproj", "{05DC2BD1-0B6F-485A-809C-4E3B6B8F807C}"
	ProjectSection(ProjectDependencies) = postProject
		{27135008-A0D4-4065-BF02-E82A55F813C8} = {27135008-A0D4-4065-BF02-E82A55F813C8}
		{698AE108-F7FF-463C-BD83-E10372CA38C3} = {698AE108-F7FF-463C-BD83-E10372CA38C3}
		{662D413A-C2F0-4D8E-8911-5C0E25144B2E} = {662D413A-C2F0-4D8E-8911-5C0E25144B2E}
		{DE762763-ECE0-4439-9559-A20A3ECAC10D} = {DE762763-ECE0-4439-9559-A20A3ECAC10D}
		{378DC592-CE7C-4869-BA5E-EA42E9707429} = {378DC592-CE7C-4869-BA5E-EA42E9707429}
		{F6600AB9-4229-4693-9252-9300051FE4FA} = {F6600AB9-4229-4693-9252-9300051FE4FA}
		{B8D835C2-B792-44F3-A55C-CDCF07419152} = {B8D835C2-B792-44F3-A55C-CDCF07419152}
		{2DE2C1E5-799C-4CB4-8BC2-F9E7122E29E4} = {2DE2C1E5-799C-4CB4-8BC2-F9E7122E29E4}
		{30A519EC-1A72-49EE-9FAF-6F5DED42CA43} = {30A519EC-1A72-49EE-9FAF-6F5DED42CA43}
		{240A8EEE-D587-45A0-A1E6-271C2A709A6C} = {240A8EEE-D587-45A0-A1E6-271C2A709A6C}
		{559C72F9-C42C-4906-96C7-0CDE9E20102B} = {559C72F9-C42C-4906-96C7-0CDE9E20102B}
		{BC0EE4FE-8A31-462B-A228-39B9B3C9F64C} = {BC0EE4FE-8A31-462B-A228-39B9B3C9F64C}
	EndProjectSection
EndProject
Project("{8BC9CEB8-8B4A-11D0-8D11-00A0C91BC942}") = "FxCompiler", "..\..\Tools\FxCompiler\FxCompiler.vcproj", "{E1D45276-1D96-4DFA-9650-0B5ECCD04F17}"
	ProjectSection(ProjectDependencies) = postProject
		{698AE108-F7FF-463C-BD83-E10372CA38C3} = {698AE108-F7FF-463C-BD83-E10372CA38C3}
		{DE762763-ECE0-4439-9559-A20A3ECAC10D} = {DE762763-ECE0-4439-9559-A20A3ECAC10D}
		{F6600AB9-4229-4693-9252-9300051FE4FA} = {F6600AB9-4229-4693-9252-9300051FE4FA}
		{30A519EC-1A72-49EE-9FAF-6F5DED42CA43} = {30A519EC-1A72-49EE-9FAF-6F5DED42CA43}
		{559C72F9-C42C-4906-96C7-0CDE9E20102B} = {559C72F9-C42C-4906-96C7-0CDE9E20102B}
	EndProjectSection
EndProject
Project("{8BC9CEB8-8B4A-11D0-8D11-00A0C91BC942}") = "SampleApp", "..\..\SampleApps\SampleApp\SampleApp.vcproj", "{91FE3DC7-0F48-4B62-B76A-D2A8F43D6421}"
	ProjectSection(ProjectDependencies) = postProject
		{05DC2BD1-0B6F-485A-809C-4E3B6B8F807C} = {05DC2BD1-0B6F-485A-809C-4E3B6B8F807C}
	EndProjectSection
EndProject
Project("{8BC9CEB8-8B4A-11D0-8D11-00A0C91BC942}") = "Max8ToPX2", "..\..\Tools\Max8ToPX2\Max8ToPX2.vcproj", "{0AC30DC4-266A-494B-82F3-1588EBDF6128}"
	ProjectSection(ProjectDependencies) = postProject
		{698AE108-F7FF-463C-BD83-E10372CA38C3} = {698AE108-F7FF-463C-BD83-E10372CA38C3}
		{DE762763-ECE0-4439-9559-A20A3ECAC10D} = {DE762763-ECE0-4439-9559-A20A3ECAC10D}
		{30A519EC-1A72-49EE-9FAF-6F5DED42CA43} = {30A519EC-1A72-49EE-9FAF-6F5DED42CA43}
		{559C72F9-C42C-4906-96C7-0CDE9E20102B} = {559C72F9-C42C-4906-96C7-0CDE9E20102B}
	EndProjectSection
EndProject
Project("{8BC9CEB8-8B4A-11D0-8D11-00A0C91BC942}") = "EditorLib", "..\..\Tools\EditorLib\EditorLib.vcproj", "{0AA4AD0A-C6E3-461A-9F73-45814F4D6D93}"
	ProjectSection(ProjectDependencies) = postProject
		{B8D835C2-B792-44F3-A55C-CDCF07419152} = {B8D835C2-B792-44F3-A55C-CDCF07419152}
	EndProjectSection
EndProject
Project("{8BC9CEB8-8B4A-11D0-8D11-00A0C91BC942}") = "Editor", "..\..\Tools\Editor\Editor.vcproj", "{94D68BBA-1568-4DBF-8FD9-25E930E6723A}"
	ProjectSection(ProjectDependencies) = postProject
		{0AA4AD0A-C6E3-461A-9F73-45814F4D6D93} = {0AA4AD0A-C6E3-461A-9F73-45814F4D6D93}
	EndProjectSection
EndProject
Global
	GlobalSection(SolutionConfigurationPlatforms) = preSolution
		Debug|Win32 = Debug|Win32
		DLL Debug|Win32 = DLL Debug|Win32
		DLL Release|Win32 = DLL Release|Win32
		Dx9Debug|Win32 = Dx9Debug|Win32
		Dx9Release|Win32 = Dx9Release|Win32
		Release|Win32 = Release|Win32
	EndGlobalSection
	GlobalSection(ProjectConfigurationPlatforms) = postSolution
		{F6600AB9-4229-4693-9252-9300051FE4FA}.Debug|Win32.ActiveCfg = Debug|Win32
		{F6600AB9-4229-4693-9252-9300051FE4FA}.Debug|Win32.Build.0 = Debug|Win32
		{F6600AB9-4229-4693-9252-9300051FE4FA}.DLL Debug|Win32.ActiveCfg = Debug|Win32
		{F6600AB9-4229-4693-9252-9300051FE4FA}.DLL Debug|Win32.Build.0 = Debug|Win32
		{F6600AB9-4229-4693-9252-9300051FE4FA}.DLL Release|Win32.ActiveCfg = Release|Win32
		{F6600AB9-4229-4693-9252-9300051FE4FA}.DLL Release|Win32.Build.0 = Release|Win32
		{F6600AB9-4229-4693-9252-9300051FE4FA}.Dx9Debug|Win32.ActiveCfg = Debug|Win32
		{F6600AB9-4229-4693-9252-9300051FE4FA}.Dx9Debug|Win32.Build.0 = Debug|Win32
		{F6600AB9-4229-4693-9252-9300051FE4FA}.Dx9Release|Win32.ActiveCfg = Release|Win32
		{F6600AB9-4229-4693-9252-9300051FE4FA}.Dx9Release|Win32.Build.0 = Release|Win32
		{F6600AB9-4229-4693-9252-9300051FE4FA}.Release|Win32.ActiveCfg = Release|Win32
		{F6600AB9-4229-4693-9252-9300051FE4FA}.Release|Win32.Build.0 = Release|Win32
		{698AE108-F7FF-463C-BD83-E10372CA38C3}.Debug|Win32.ActiveCfg = Debug|Win32
		{698AE108-F7FF-463C-BD83-E10372CA38C3}.Debug|Win32.Build.0 = Debug|Win32
		{698AE108-F7FF-463C-BD83-E10372CA38C3}.DLL Debug|Win32.ActiveCfg = Debug|Win32
		{698AE108-F7FF-463C-BD83-E10372CA38C3}.DLL Debug|Win32.Build.0 = Debug|Win32
		{698AE108-F7FF-463C-BD83-E10372CA38C3}.DLL Release|Win32.ActiveCfg = Release|Win32
		{698AE108-F7FF-463C-BD83-E10372CA38C3}.DLL Release|Win32.Build.0 = Release|Win32
		{698AE108-F7FF-463C-BD83-E10372CA38C3}.Dx9Debug|Win32.ActiveCfg = Debug|Win32
		{698AE108-F7FF-463C-BD83-E10372CA38C3}.Dx9Debug|Win32.Build.0 = Debug|Win32
		{698AE108-F7FF-463C-BD83-E10372CA38C3}.Dx9Release|Win32.ActiveCfg = Release|Win32
		{698AE108-F7FF-463C-BD83-E10372CA38C3}.Dx9Release|Win32.Build.0 = Release|Win32
		{698AE108-F7FF-463C-BD83-E10372CA38C3}.Release|Win32.ActiveCfg = Release|Win32
		{698AE108-F7FF-463C-BD83-E10372CA38C3}.Release|Win32.Build.0 = Release|Win32
		{30A519EC-1A72-49EE-9FAF-6F5DED42CA43}.Debug|Win32.ActiveCfg = Debug|Win32
		{30A519EC-1A72-49EE-9FAF-6F5DED42CA43}.Debug|Win32.Build.0 = Debug|Win32
		{30A519EC-1A72-49EE-9FAF-6F5DED42CA43}.DLL Debug|Win32.ActiveCfg = Debug|Win32
		{30A519EC-1A72-49EE-9FAF-6F5DED42CA43}.DLL Debug|Win32.Build.0 = Debug|Win32
		{30A519EC-1A72-49EE-9FAF-6F5DED42CA43}.DLL Release|Win32.ActiveCfg = Release|Win32
		{30A519EC-1A72-49EE-9FAF-6F5DED42CA43}.DLL Release|Win32.Build.0 = Release|Win32
		{30A519EC-1A72-49EE-9FAF-6F5DED42CA43}.Dx9Debug|Win32.ActiveCfg = Debug|Win32
		{30A519EC-1A72-49EE-9FAF-6F5DED42CA43}.Dx9Debug|Win32.Build.0 = Debug|Win32
		{30A519EC-1A72-49EE-9FAF-6F5DED42CA43}.Dx9Release|Win32.ActiveCfg = Release|Win32
		{30A519EC-1A72-49EE-9FAF-6F5DED42CA43}.Dx9Release|Win32.Build.0 = Release|Win32
		{30A519EC-1A72-49EE-9FAF-6F5DED42CA43}.Release|Win32.ActiveCfg = Release|Win32
		{30A519EC-1A72-49EE-9FAF-6F5DED42CA43}.Release|Win32.Build.0 = Release|Win32
		{BC0EE4FE-8A31-462B-A228-39B9B3C9F64C}.Debug|Win32.ActiveCfg = Debug|Win32
		{BC0EE4FE-8A31-462B-A228-39B9B3C9F64C}.Debug|Win32.Build.0 = Debug|Win32
		{BC0EE4FE-8A31-462B-A228-39B9B3C9F64C}.DLL Debug|Win32.ActiveCfg = Debug|Win32
		{BC0EE4FE-8A31-462B-A228-39B9B3C9F64C}.DLL Debug|Win32.Build.0 = Debug|Win32
		{BC0EE4FE-8A31-462B-A228-39B9B3C9F64C}.DLL Release|Win32.ActiveCfg = Release|Win32
		{BC0EE4FE-8A31-462B-A228-39B9B3C9F64C}.DLL Release|Win32.Build.0 = Release|Win32
		{BC0EE4FE-8A31-462B-A228-39B9B3C9F64C}.Dx9Debug|Win32.ActiveCfg = Debug|Win32
		{BC0EE4FE-8A31-462B-A228-39B9B3C9F64C}.Dx9Debug|Win32.Build.0 = Debug|Win32
		{BC0EE4FE-8A31-462B-A228-39B9B3C9F64C}.Dx9Release|Win32.ActiveCfg = Release|Win32
		{BC0EE4FE-8A31-462B-A228-39B9B3C9F64C}.Dx9Release|Win32.Build.0 = Release|Win32
		{BC0EE4FE-8A31-462B-A228-39B9B3C9F64C}.Release|Win32.ActiveCfg = Release|Win32
		{BC0EE4FE-8A31-462B-A228-39B9B3C9F64C}.Release|Win32.Build.0 = Release|Win32
		{559C72F9-C42C-4906-96C7-0CDE9E20102B}.Debug|Win32.ActiveCfg = Debug|Win32
		{559C72F9-C42C-4906-96C7-0CDE9E20102B}.Debug|Win32.Build.0 = Debug|Win32
		{559C72F9-C42C-4906-96C7-0CDE9E20102B}.DLL Debug|Win32.ActiveCfg = Debug|Win32
		{559C72F9-C42C-4906-96C7-0CDE9E20102B}.DLL Debug|Win32.Build.0 = Debug|Win32
		{559C72F9-C42C-4906-96C7-0CDE9E20102B}.DLL Release|Win32.ActiveCfg = Release|Win32
		{559C72F9-C42C-4906-96C7-0CDE9E20102B}.DLL Release|Win32.Build.0 = Release|Win32
		{559C72F9-C42C-4906-96C7-0CDE9E20102B}.Dx9Debug|Win32.ActiveCfg = Debug|Win32
		{559C72F9-C42C-4906-96C7-0CDE9E20102B}.Dx9Debug|Win32.Build.0 = Debug|Win32
		{559C72F9-C42C-4906-96C7-0CDE9E20102B}.Dx9Release|Win32.ActiveCfg = Release|Win32
		{559C72F9-C42C-4906-96C7-0CDE9E20102B}.Dx9Release|Win32.Build.0 = Release|Win32
		{559C72F9-C42C-4906-96C7-0CDE9E20102B}.Release|Win32.ActiveCfg = Release|Win32
		{559C72F9-C42C-4906-96C7-0CDE9E20102B}.Release|Win32.Build.0 = Release|Win32
		{2DE2C1E5-799C-4CB4-8BC2-F9E7122E29E4}.Debug|Win32.ActiveCfg = Debug|Win32
		{2DE2C1E5-799C-4CB4-8BC2-F9E7122E29E4}.Debug|Win32.Build.0 = Debug|Win32
		{2DE2C1E5-799C-4CB4-8BC2-F9E7122E29E4}.DLL Debug|Win32.ActiveCfg = Debug|Win32
		{2DE2C1E5-799C-4CB4-8BC2-F9E7122E29E4}.DLL Debug|Win32.Build.0 = Debug|Win32
		{2DE2C1E5-799C-4CB4-8BC2-F9E7122E29E4}.DLL Release|Win32.ActiveCfg = Release|Win32
		{2DE2C1E5-799C-4CB4-8BC2-F9E7122E29E4}.DLL Release|Win32.Build.0 = Release|Win32
		{2DE2C1E5-799C-4CB4-8BC2-F9E7122E29E4}.Dx9Debug|Win32.ActiveCfg = Debug|Win32
		{2DE2C1E5-799C-4CB4-8BC2-F9E7122E29E4}.Dx9Debug|Win32.Build.0 = Debug|Win32
		{2DE2C1E5-799C-4CB4-8BC2-F9E7122E29E4}.Dx9Release|Win32.ActiveCfg = Release|Win32
		{2DE2C1E5-799C-4CB4-8BC2-F9E7122E29E4}.Dx9Release|Win32.Build.0 = Release|Win32
		{2DE2C1E5-799C-4CB4-8BC2-F9E7122E29E4}.Release|Win32.ActiveCfg = Release|Win32
		{2DE2C1E5-799C-4CB4-8BC2-F9E7122E29E4}.Release|Win32.Build.0 = Release|Win32
		{DE762763-ECE0-4439-9559-A20A3ECAC10D}.Debug|Win32.ActiveCfg = Dx9Debug|Win32
		{DE762763-ECE0-4439-9559-A20A3ECAC10D}.Debug|Win32.Build.0 = Dx9Debug|Win32
		{DE762763-ECE0-4439-9559-A20A3ECAC10D}.DLL Debug|Win32.ActiveCfg = Dx9Release|Win32
		{DE762763-ECE0-4439-9559-A20A3ECAC10D}.DLL Debug|Win32.Build.0 = Dx9Release|Win32
		{DE762763-ECE0-4439-9559-A20A3ECAC10D}.DLL Release|Win32.ActiveCfg = Dx9Release|Win32
		{DE762763-ECE0-4439-9559-A20A3ECAC10D}.DLL Release|Win32.Build.0 = Dx9Release|Win32
		{DE762763-ECE0-4439-9559-A20A3ECAC10D}.Dx9Debug|Win32.ActiveCfg = Dx9Debug|Win32
		{DE762763-ECE0-4439-9559-A20A3ECAC10D}.Dx9Debug|Win32.Build.0 = Dx9Debug|Win32
		{DE762763-ECE0-4439-9559-A20A3ECAC10D}.Dx9Release|Win32.ActiveCfg = Dx9Release|Win32
		{DE762763-ECE0-4439-9559-A20A3ECAC10D}.Dx9Release|Win32.Build.0 = Dx9Release|Win32
		{DE762763-ECE0-4439-9559-A20A3ECAC10D}.Release|Win32.ActiveCfg = Dx9Release|Win32
		{DE762763-ECE0-4439-9559-A20A3ECAC10D}.Release|Win32.Build.0 = Dx9Release|Win32
		{27135008-A0D4-4065-BF02-E82A55F813C8}.Debug|Win32.ActiveCfg = Debug|Win32
		{27135008-A0D4-4065-BF02-E82A55F813C8}.Debug|Win32.Build.0 = Debug|Win32
		{27135008-A0D4-4065-BF02-E82A55F813C8}.DLL Debug|Win32.ActiveCfg = Debug|Win32
		{27135008-A0D4-4065-BF02-E82A55F813C8}.DLL Debug|Win32.Build.0 = Debug|Win32
		{27135008-A0D4-4065-BF02-E82A55F813C8}.DLL Release|Win32.ActiveCfg = Release|Win32
		{27135008-A0D4-4065-BF02-E82A55F813C8}.DLL Release|Win32.Build.0 = Release|Win32
		{27135008-A0D4-4065-BF02-E82A55F813C8}.Dx9Debug|Win32.ActiveCfg = Debug|Win32
		{27135008-A0D4-4065-BF02-E82A55F813C8}.Dx9Debug|Win32.Build.0 = Debug|Win32
		{27135008-A0D4-4065-BF02-E82A55F813C8}.Dx9Release|Win32.ActiveCfg = Release|Win32
		{27135008-A0D4-4065-BF02-E82A55F813C8}.Dx9Release|Win32.Build.0 = Release|Win32
		{27135008-A0D4-4065-BF02-E82A55F813C8}.Release|Win32.ActiveCfg = Release|Win32
		{27135008-A0D4-4065-BF02-E82A55F813C8}.Release|Win32.Build.0 = Release|Win32
		{662D413A-C2F0-4D8E-8911-5C0E25144B2E}.Debug|Win32.ActiveCfg = Debug|Win32
		{662D413A-C2F0-4D8E-8911-5C0E25144B2E}.Debug|Win32.Build.0 = Debug|Win32
		{662D413A-C2F0-4D8E-8911-5C0E25144B2E}.DLL Debug|Win32.ActiveCfg = Debug|Win32
		{662D413A-C2F0-4D8E-8911-5C0E25144B2E}.DLL Debug|Win32.Build.0 = Debug|Win32
		{662D413A-C2F0-4D8E-8911-5C0E25144B2E}.DLL Release|Win32.ActiveCfg = Release|Win32
		{662D413A-C2F0-4D8E-8911-5C0E25144B2E}.DLL Release|Win32.Build.0 = Release|Win32
		{662D413A-C2F0-4D8E-8911-5C0E25144B2E}.Dx9Debug|Win32.ActiveCfg = Debug|Win32
		{662D413A-C2F0-4D8E-8911-5C0E25144B2E}.Dx9Debug|Win32.Build.0 = Debug|Win32
		{662D413A-C2F0-4D8E-8911-5C0E25144B2E}.Dx9Release|Win32.ActiveCfg = Release|Win32
		{662D413A-C2F0-4D8E-8911-5C0E25144B2E}.Dx9Release|Win32.Build.0 = Release|Win32
		{662D413A-C2F0-4D8E-8911-5C0E25144B2E}.Release|Win32.ActiveCfg = Release|Win32
		{662D413A-C2F0-4D8E-8911-5C0E25144B2E}.Release|Win32.Build.0 = Release|Win32
		{378DC592-CE7C-4869-BA5E-EA42E9707429}.Debug|Win32.ActiveCfg = Debug|Win32
		{378DC592-CE7C-4869-BA5E-EA42E9707429}.Debug|Win32.Build.0 = Debug|Win32
		{378DC592-CE7C-4869-BA5E-EA42E9707429}.DLL Debug|Win32.ActiveCfg = Debug|Win32
		{378DC592-CE7C-4869-BA5E-EA42E9707429}.DLL Debug|Win32.Build.0 = Debug|Win32
		{378DC592-CE7C-4869-BA5E-EA42E9707429}.DLL Release|Win32.ActiveCfg = Release|Win32
		{378DC592-CE7C-4869-BA5E-EA42E9707429}.DLL Release|Win32.Build.0 = Release|Win32
		{378DC592-CE7C-4869-BA5E-EA42E9707429}.Dx9Debug|Win32.ActiveCfg = Debug|Win32
		{378DC592-CE7C-4869-BA5E-EA42E9707429}.Dx9Debug|Win32.Build.0 = Debug|Win32
		{378DC592-CE7C-4869-BA5E-EA42E9707429}.Dx9Release|Win32.ActiveCfg = Release|Win32
		{378DC592-CE7C-4869-BA5E-EA42E9707429}.Dx9Release|Win32.Build.0 = Release|Win32
		{378DC592-CE7C-4869-BA5E-EA42E9707429}.Release|Win32.ActiveCfg = Release|Win32
		{378DC592-CE7C-4869-BA5E-EA42E9707429}.Release|Win32.Build.0 = Release|Win32
		{240A8EEE-D587-45A0-A1E6-271C2A709A6C}.Debug|Win32.ActiveCfg = Debug|Win32
		{240A8EEE-D587-45A0-A1E6-271C2A709A6C}.Debug|Win32.Build.0 = Debug|Win32
		{240A8EEE-D587-45A0-A1E6-271C2A709A6C}.DLL Debug|Win32.ActiveCfg = Debug|Win32
		{240A8EEE-D587-45A0-A1E6-271C2A709A6C}.DLL Debug|Win32.Build.0 = Debug|Win32
		{240A8EEE-D587-45A0-A1E6-271C2A709A6C}.DLL Release|Win32.ActiveCfg = Release|Win32
		{240A8EEE-D587-45A0-A1E6-271C2A709A6C}.DLL Release|Win32.Build.0 = Release|Win32
		{240A8EEE-D587-45A0-A1E6-271C2A709A6C}.Dx9Debug|Win32.ActiveCfg = Debug|Win32
		{240A8EEE-D587-45A0-A1E6-271C2A709A6C}.Dx9Debug|Win32.Build.0 = Debug|Win32
		{240A8EEE-D587-45A0-A1E6-271C2A709A6C}.Dx9Release|Win32.ActiveCfg = Release|Win32
		{240A8EEE-D587-45A0-A1E6-271C2A709A6C}.Dx9Release|Win32.Build.0 = Release|Win32
		{240A8EEE-D587-45A0-A1E6-271C2A709A6C}.Release|Win32.ActiveCfg = Release|Win32
		{240A8EEE-D587-45A0-A1E6-271C2A709A6C}.Release|Win32.Build.0 = Release|Win32
		{B8D835C2-B792-44F3-A55C-CDCF07419152}.Debug|Win32.ActiveCfg = Debug|Win32
		{B8D835C2-B792-44F3-A55C-CDCF07419152}.Debug|Win32.Build.0 = Debug|Win32
		{B8D835C2-B792-44F3-A55C-CDCF07419152}.DLL Debug|Win32.ActiveCfg = Debug|Win32
		{B8D835C2-B792-44F3-A55C-CDCF07419152}.DLL Debug|Win32.Build.0 = Debug|Win32
		{B8D835C2-B792-44F3-A55C-CDCF07419152}.DLL Release|Win32.ActiveCfg = Release|Win32
		{B8D835C2-B792-44F3-A55C-CDCF07419152}.DLL Release|Win32.Build.0 = Release|Win32
		{B8D835C2-B792-44F3-A55C-CDCF07419152}.Dx9Debug|Win32.ActiveCfg = Debug|Win32
		{B8D835C2-B792-44F3-A55C-CDCF07419152}.Dx9Debug|Win32.Build.0 = Debug|Win32
		{B8D835C2-B792-44F3-A55C-CDCF07419152}.Dx9Release|Win32.ActiveCfg = Release|Win32
		{B8D835C2-B792-44F3-A55C-CDCF07419152}.Dx9Release|Win32.Build.0 = Release|Win32
		{B8D835C2-B792-44F3-A55C-CDCF07419152}.Release|Win32.ActiveCfg = Release|Win32
		{B8D835C2-B792-44F3-A55C-CDCF07419152}.Release|Win32.Build.0 = Release|Win32
		{05DC2BD1-0B6F-485A-809C-4E3B6B8F807C}.Debug|Win32.ActiveCfg = Dx9Debug|Win32
		{05DC2BD1-0B6F-485A-809C-4E3B6B8F807C}.Debug|Win32.Build.0 = Dx9Debug|Win32
		{05DC2BD1-0B6F-485A-809C-4E3B6B8F807C}.DLL Debug|Win32.ActiveCfg = Dx9Release|Win32
		{05DC2BD1-0B6F-485A-809C-4E3B6B8F807C}.DLL Debug|Win32.Build.0 = Dx9Release|Win32
		{05DC2BD1-0B6F-485A-809C-4E3B6B8F807C}.DLL Release|Win32.ActiveCfg = Dx9Release|Win32
		{05DC2BD1-0B6F-485A-809C-4E3B6B8F807C}.DLL Release|Win32.Build.0 = Dx9Release|Win32
		{05DC2BD1-0B6F-485A-809C-4E3B6B8F807C}.Dx9Debug|Win32.ActiveCfg = Dx9Debug|Win32
		{05DC2BD1-0B6F-485A-809C-4E3B6B8F807C}.Dx9Debug|Win32.Build.0 = Dx9Debug|Win32
		{05DC2BD1-0B6F-485A-809C-4E3B6B8F807C}.Dx9Release|Win32.ActiveCfg = Dx9Release|Win32
		{05DC2BD1-0B6F-485A-809C-4E3B6B8F807C}.Dx9Release|Win32.Build.0 = Dx9Release|Win32
		{05DC2BD1-0B6F-485A-809C-4E3B6B8F807C}.Release|Win32.ActiveCfg = Dx9Release|Win32
		{05DC2BD1-0B6F-485A-809C-4E3B6B8F807C}.Release|Win32.Build.0 = Dx9Release|Win32
		{E1D45276-1D96-4DFA-9650-0B5ECCD04F17}.Debug|Win32.ActiveCfg = Debug|Win32
		{E1D45276-1D96-4DFA-9650-0B5ECCD04F17}.Debug|Win32.Build.0 = Debug|Win32
		{E1D45276-1D96-4DFA-9650-0B5ECCD04F17}.DLL Debug|Win32.ActiveCfg = Debug|Win32
		{E1D45276-1D96-4DFA-9650-0B5ECCD04F17}.DLL Debug|Win32.Build.0 = Debug|Win32
		{E1D45276-1D96-4DFA-9650-0B5ECCD04F17}.DLL Release|Win32.ActiveCfg = Release|Win32
		{E1D45276-1D96-4DFA-9650-0B5ECCD04F17}.DLL Release|Win32.Build.0 = Release|Win32
		{E1D45276-1D96-4DFA-9650-0B5ECCD04F17}.Dx9Debug|Win32.ActiveCfg = Debug|Win32
		{E1D45276-1D96-4DFA-9650-0B5ECCD04F17}.Dx9Debug|Win32.Build.0 = Debug|Win32
		{E1D45276-1D96-4DFA-9650-0B5ECCD04F17}.Dx9Release|Win32.ActiveCfg = Release|Win32
		{E1D45276-1D96-4DFA-9650-0B5ECCD04F17}.Dx9Release|Win32.Build.0 = Release|Win32
		{E1D45276-1D96-4DFA-9650-0B5ECCD04F17}.Release|Win32.ActiveCfg = Release|Win32
		{E1D45276-1D96-4DFA-9650-0B5ECCD04F17}.Release|Win32.Build.0 = Release|Win32
		{91FE3DC7-0F48-4B62-B76A-D2A8F43D6421}.Debug|Win32.ActiveCfg = Debug|Win32
		{91FE3DC7-0F48-4B62-B76A-D2A8F43D6421}.Debug|Win32.Build.0 = Debug|Win32
		{91FE3DC7-0F48-4B62-B76A-D2A8F43D6421}.DLL Debug|Win32.ActiveCfg = Debug|Win32
		{91FE3DC7-0F48-4B62-B76A-D2A8F43D6421}.DLL Debug|Win32.Build.0 = Debug|Win32
		{91FE3DC7-0F48-4B62-B76A-D2A8F43D6421}.DLL Release|Win32.ActiveCfg = Release|Win32
		{91FE3DC7-0F48-4B62-B76A-D2A8F43D6421}.DLL Release|Win32.Build.0 = Release|Win32
		{91FE3DC7-0F48-4B62-B76A-D2A8F43D6421}.Dx9Debug|Win32.ActiveCfg = Debug|Win32
		{91FE3DC7-0F48-4B62-B76A-D2A8F43D6421}.Dx9Debug|Win32.Build.0 = Debug|Win32
		{91FE3DC7-0F48-4B62-B76A-D2A8F43D6421}.Dx9Release|Win32.ActiveCfg = Release|Win32
		{91FE3DC7-0F48-4B62-B76A-D2A8F43D6421}.Dx9Release|Win32.Build.0 = Release|Win32
		{91FE3DC7-0F48-4B62-B76A-D2A8F43D6421}.Release|Win32.ActiveCfg = Release|Win32
		{91FE3DC7-0F48-4B62-B76A-D2A8F43D6421}.Release|Win32.Build.0 = Release|Win32
		{0AC30DC4-266A-494B-82F3-1588EBDF6128}.Debug|Win32.ActiveCfg = Debug|Win32
		{0AC30DC4-266A-494B-82F3-1588EBDF6128}.Debug|Win32.Build.0 = Debug|Win32
		{0AC30DC4-266A-494B-82F3-1588EBDF6128}.DLL Debug|Win32.ActiveCfg = Debug|Win32
		{0AC30DC4-266A-494B-82F3-1588EBDF6128}.DLL Debug|Win32.Build.0 = Debug|Win32
		{0AC30DC4-266A-494B-82F3-1588EBDF6128}.DLL Release|Win32.ActiveCfg = Release|Win32
		{0AC30DC4-266A-494B-82F3-1588EBDF6128}.DLL Release|Win32.Build.0 = Release|Win32
		{0AC30DC4-266A-494B-82F3-1588EBDF6128}.Dx9Debug|Win32.ActiveCfg = Debug|Win32
		{0AC30DC4-266A-494B-82F3-1588EBDF6128}.Dx9Debug|Win32.Build.0 = Debug|Win32
		{0AC30DC4-266A-494B-82F3-1588EBDF6128}.Dx9Release|Win32.ActiveCfg = Release|Win32
		{0AC30DC4-266A-494B-82F3-1588EBDF6128}.Dx9Release|Win32.Build.0 = Release|Win32
		{0AC30DC4-266A-494B-82F3-1588EBDF6128}.Release|Win32.ActiveCfg = Release|Win32
		{0AC30DC4-266A-494B-82F3-1588EBDF6128}.Release|Win32.Build.0 = Release|Win32
		{0AA4AD0A-C6E3-461A-9F73-45814F4D6D93}.Debug|Win32.ActiveCfg = Debug|Win32
		{0AA4AD0A-C6E3-461A-9F73-45814F4D6D93}.Debug|Win32.Build.0 = Debug|Win32
		{0AA4AD0A-C6E3-461A-9F73-45814F4D6D93}.DLL Debug|Win32.ActiveCfg = Debug|Win32
		{0AA4AD0A-C6E3-461A-9F73-45814F4D6D93}.DLL Debug|Win32.Build.0 = Debug|Win32
		{0AA4AD0A-C6E3-461A-9F73-45814F4D6D93}.DLL Release|Win32.ActiveCfg = Release|Win32
		{0AA4AD0A-C6E3-461A-9F73-45814F4D6D93}.DLL Release|Win32.Build.0 = Release|Win32
		{0AA4AD0A-C6E3-461A-9F73-45814F4D6D93}.Dx9Debug|Win32.ActiveCfg = Debug|Win32
		{0AA4AD0A-C6E3-461A-9F73-45814F4D6D93}.Dx9Debug|Win32.Build.0 = Debug|Win32
		{0AA4AD0A-C6E3-461A-9F73-45814F4D6D93}.Dx9Release|Win32.ActiveCfg = Release|Win32
		{0AA4AD0A-C6E3-461A-9F73-45814F4D6D93}.Dx9Release|Win32.Build.0 = Release|Win32
		{0AA4AD0A-C6E3-461A-9F73-45814F4D6D93}.Release|Win32.ActiveCfg = Release|Win32
		{0AA4AD0A-C6E3-461A-9F73-45814F4D6D93}.Release|Win32.Build.0 = Release|Win32
		{94D68BBA-1568-4DBF-8FD9-25E930E6723A}.Debug|Win32.ActiveCfg = Debug|Win32
		{94D68BBA-1568-4DBF-8FD9-25E930E6723A}.Debug|Win32.Build.0 = Debug|Win32
		{94D68BBA-1568-4DBF-8FD9-25E930E6723A}.DLL Debug|Win32.ActiveCfg = Debug|Win32
		{94D68BBA-1568-4DBF-8FD9-25E930E6723A}.DLL Debug|Win32.Build.0 = Debug|Win32
		{94D68BBA-1568-4DBF-8FD9-25E930E6723A}.DLL Release|Win32.ActiveCfg = Release|Win32
		{94D68BBA-1568-4DBF-8FD9-25E930E6723A}.DLL Release|Win32.Build.0 = Release|Win32
		{94D68BBA-1568-4DBF-8FD9-25E930E6723A}.Dx9Debug|Win32.ActiveCfg = Debug|Win32
		{94D68BBA-1568-4DBF-8FD9-25E930E6723A}.Dx9Debug|Win32.Build.0 = Debug|Win32
		{94D68BBA-1568-4DBF-8FD9-25E930E6723A}.Dx9Release|Win32.ActiveCfg = Release|Win32
		{94D68BBA-1568-4DBF-8FD9-25E930E6723A}.Dx9Release|Win32.Build.0 = Release|Win32
		{94D68BBA-1568-4DBF-8FD9-25E930E6723A}.Release|Win32.ActiveCfg = Release|Win32
		{94D68BBA-1568-4DBF-8FD9-25E930E6723A}.Release|Win32.Build.0 = Release|Win32
	EndGlobalSection
	GlobalSection(SolutionProperties) = preSolution
		HideSolutionNode = FALSE
	EndGlobalSection
	GlobalSection(NestedProjects) = preSolution
		{05DC2BD1-0B6F-485A-809C-4E3B6B8F807C} = {A6328D7C-8E4F-4056-9EE7-2B44D0B00EE0}
		{91FE3DC7-0F48-4B62-B76A-D2A8F43D6421} = {A6328D7C-8E4F-4056-9EE7-2B44D0B00EE0}
		{E1D45276-1D96-4DFA-9650-0B5ECCD04F17} = {8AB6FDC1-F416-43FE-8EC3-16A1E663DDEE}
		{0AC30DC4-266A-494B-82F3-1588EBDF6128} = {8AB6FDC1-F416-43FE-8EC3-16A1E663DDEE}
		{0AA4AD0A-C6E3-461A-9F73-45814F4D6D93} = {8AB6FDC1-F416-43FE-8EC3-16A1E663DDEE}
		{94D68BBA-1568-4DBF-8FD9-25E930E6723A} = {8AB6FDC1-F416-43FE-8EC3-16A1E663DDEE}
		{F6600AB9-4229-4693-9252-9300051FE4FA} = {2BE550C8-F8DB-4643-9C41-F36B3E808CF6}
		{698AE108-F7FF-463C-BD83-E10372CA38C3} = {B1521CF8-165A-4CE8-AA83-866D8C1D41A7}
		{30A519EC-1A72-49EE-9FAF-6F5DED42CA43} = {B1521CF8-165A-4CE8-AA83-866D8C1D41A7}
		{559C72F9-C42C-4906-96C7-0CDE9E20102B} = {B1521CF8-165A-4CE8-AA83-866D8C1D41A7}
		{DE762763-ECE0-4439-9559-A20A3ECAC10D} = {B1521CF8-165A-4CE8-AA83-866D8C1D41A7}
		{BC0EE4FE-8A31-462B-A228-39B9B3C9F64C} = {47826DB4-E12C-4A35-9961-1AA19F9D0256}
		{2DE2C1E5-799C-4CB4-8BC2-F9E7122E29E4} = {47826DB4-E12C-4A35-9961-1AA19F9D0256}
		{27135008-A0D4-4065-BF02-E82A55F813C8} = {47826DB4-E12C-4A35-9961-1AA19F9D0256}
		{662D413A-C2F0-4D8E-8911-5C0E25144B2E} = {47826DB4-E12C-4A35-9961-1AA19F9D0256}
		{378DC592-CE7C-4869-BA5E-EA42E9707429} = {47826DB4-E12C-4A35-9961-1AA19F9D0256}
		{240A8EEE-D587-45A0-A1E6-271C2A709A6C} = {47826DB4-E12C-4A35-9961-1AA19F9D0256}
		{B8D835C2-B792-44F3-A55C-CDCF07419152} = {47826DB4-E12C-4A35-9961-1AA19F9D0256}
	EndGlobalSection
EndGlobal
