<?xml version="1.0" encoding="utf-8"?>
<Project ToolsVersion="4.0" xmlns="http://schemas.microsoft.com/developer/msbuild/2003">
  <ItemGroup>
    <Filter Include="AppFrame">
      <UniqueIdentifier>{e758504d-b8f6-4752-b0c7-30da22b336bd}</UniqueIdentifier>
    </Filter>
    <Filter Include="RenderView">
      <UniqueIdentifier>{b2460ca8-f264-4cae-b724-a86e9609e7d3}</UniqueIdentifier>
    </Filter>
    <Filter Include="ViewCtrl">
      <UniqueIdentifier>{4968bcfc-ba67-4493-b83c-de867fcfb3c1}</UniqueIdentifier>
    </Filter>
    <Filter Include="Resource">
      <UniqueIdentifier>{5e0eb0b6-6fcc-4020-8921-ac47d2f03b2d}</UniqueIdentifier>
    </Filter>
    <Filter Include="PreView">
      <UniqueIdentifier>{d6e7b383-9a63-4148-9980-c005e4da7615}</UniqueIdentifier>
    </Filter>
    <Filter Include="wxExtents">
      <UniqueIdentifier>{422afa1d-7bf0-439b-b4ba-4ff10b502476}</UniqueIdentifier>
    </Filter>
    <Filter Include="Inspector">
      <UniqueIdentifier>{899cb4a9-b104-4df6-af55-19454f4a434a}</UniqueIdentifier>
    </Filter>
    <Filter Include="wxExtents\FlodPane">
      <UniqueIdentifier>{773c2b41-f4dd-4c81-a275-b9f61becbc2f}</UniqueIdentifier>
    </Filter>
    <Filter Include="wxExtents\PropertyGrid">
      <UniqueIdentifier>{9de758a9-8914-4400-a9bb-cd718b0182f5}</UniqueIdentifier>
    </Filter>
    <Filter Include="Inspector\Model">
      <UniqueIdentifier>{0310408a-7610-43aa-a4e6-af23d564539b}</UniqueIdentifier>
    </Filter>
    <Filter Include="Inspector\Terrain">
      <UniqueIdentifier>{22b697c3-ec15-40b6-9288-8d63fa7f98f6}</UniqueIdentifier>
    </Filter>
    <Filter Include="Inspector\Environment">
      <UniqueIdentifier>{dd96bc00-4256-4d08-876a-b5379c024326}</UniqueIdentifier>
    </Filter>
    <Filter Include="Inspector\Effect">
      <UniqueIdentifier>{076d55b5-0040-4177-9afa-8363ce4a3786}</UniqueIdentifier>
    </Filter>
    <Filter Include="CurveEditor">
      <UniqueIdentifier>{aee10792-cd5c-4f3c-9b17-e6e178d4b696}</UniqueIdentifier>
    </Filter>
    <Filter Include="Dlgs">
      <UniqueIdentifier>{69826e89-a806-465c-b1c0-6cd8660cc159}</UniqueIdentifier>
    </Filter>
    <Filter Include="Inspector\UI">
      <UniqueIdentifier>{4a47d4ac-f853-420d-9a5c-c8d1b6102888}</UniqueIdentifier>
    </Filter>
    <Filter Include="ObjectTree">
      <UniqueIdentifier>{33263ffb-f198-433d-bcd8-caffdbb80b92}</UniqueIdentifier>
    </Filter>
    <Filter Include="Inspector\General">
      <UniqueIdentifier>{5dabad2f-5242-40af-ba5d-31e86ed3b516}</UniqueIdentifier>
    </Filter>
    <Filter Include="Inspector\Sky">
      <UniqueIdentifier>{89b22429-f42e-4f89-8620-5374bf228835}</UniqueIdentifier>
    </Filter>
  </ItemGroup>
  <ItemGroup>
    <ClInclude Include="PX2EditorApp.hpp">
      <Filter>AppFrame</Filter>
    </ClInclude>
    <ClInclude Include="PX2EditorPre.hpp" />
    <ClInclude Include="PX2MainFrame.hpp">
      <Filter>AppFrame</Filter>
    </ClInclude>
    <ClInclude Include="PX2RenderViewWindow.hpp">
      <Filter>RenderView</Filter>
    </ClInclude>
    <ClInclude Include="PX2EditorParams.hpp" />
    <ClInclude Include="PX2ViewCtrl.hpp">
      <Filter>ViewCtrl</Filter>
    </ClInclude>
    <ClInclude Include="PX2GViewCtrl.hpp">
      <Filter>ViewCtrl</Filter>
    </ClInclude>
    <ClInclude Include="PX2ViewCtrlInst.hpp">
      <Filter>ViewCtrl</Filter>
    </ClInclude>
    <ClInclude Include="PX2ViewCtrlInstMan.hpp">
      <Filter>ViewCtrl</Filter>
    </ClInclude>
    <ClInclude Include="PX2DefViewCtrlInst.hpp">
      <Filter>ViewCtrl</Filter>
    </ClInclude>
    <ClInclude Include="PX2MultiViewCtrlInst.hpp">
      <Filter>ViewCtrl</Filter>
    </ClInclude>
    <ClInclude Include="PX2PreViewWindow.hpp">
      <Filter>PreView</Filter>
    </ClInclude>
    <ClInclude Include="PX2InspectorWindow.hpp">
      <Filter>Inspector</Filter>
    </ClInclude>
    <ClInclude Include="PX2ResTree.hpp">
      <Filter>Resource</Filter>
    </ClInclude>
    <ClInclude Include="PX2ResTreeItem.hpp">
      <Filter>Resource</Filter>
    </ClInclude>
    <ClInclude Include="PX2DlgTerainNew.hpp">
      <Filter>Dlgs</Filter>
    </ClInclude>
    <ClInclude Include="wxExtents\captionbar.h">
      <Filter>wxExtents\FlodPane</Filter>
    </ClInclude>
    <ClInclude Include="wxExtents\foldpanelbar.h">
      <Filter>wxExtents\FlodPane</Filter>
    </ClInclude>
    <ClInclude Include="wxExtents\foldpanelitem.h">
      <Filter>wxExtents\FlodPane</Filter>
    </ClInclude>
    <ClInclude Include="PX2PropertyGrid.hpp">
      <Filter>wxExtents\PropertyGrid</Filter>
    </ClInclude>
    <ClInclude Include="PX2PropertyPage.hpp">
      <Filter>wxExtents\PropertyGrid</Filter>
    </ClInclude>
    <ClInclude Include="PX2Property.hpp">
      <Filter>wxExtents\PropertyGrid</Filter>
    </ClInclude>
    <ClInclude Include="wxPropertyExtend.hpp">
      <Filter>wxExtents\PropertyGrid</Filter>
    </ClInclude>
    <ClInclude Include="PX2ActorTransProperty.hpp">
      <Filter>wxExtents\PropertyGrid</Filter>
    </ClInclude>
    <ClInclude Include="PX2ObjectPropertyGrid.hpp">
      <Filter>wxExtents\PropertyGrid</Filter>
    </ClInclude>
    <ClInclude Include="PX2ModelActorPropertyGrid.hpp">
      <Filter>Inspector\Model</Filter>
    </ClInclude>
    <ClInclude Include="PX2ModelActorInspector.hpp">
      <Filter>Inspector\Model</Filter>
    </ClInclude>
    <ClInclude Include="PX2TerrainActorInspector.hpp">
      <Filter>Inspector\Terrain</Filter>
    </ClInclude>
    <ClInclude Include="PX2TerrainActorPropertyGrid.hpp">
      <Filter>Inspector\Terrain</Filter>
    </ClInclude>
    <ClInclude Include="PX2TerrainBrushPane.hpp">
      <Filter>Inspector\Terrain</Filter>
    </ClInclude>
    <ClInclude Include="PX2TerrainHeightPane.hpp">
      <Filter>Inspector\Terrain</Filter>
    </ClInclude>
    <ClInclude Include="PX2TerrainMaterialPane.hpp">
      <Filter>Inspector\Terrain</Filter>
    </ClInclude>
    <ClInclude Include="PX2TerEditCtrl.hpp">
      <Filter>ViewCtrl</Filter>
    </ClInclude>
    <ClInclude Include="PX2TerrainJunglerPane.hpp">
      <Filter>Inspector\Terrain</Filter>
    </ClInclude>
    <ClInclude Include="PX2EnvPanel.hpp">
      <Filter>Inspector\Environment</Filter>
    </ClInclude>
    <ClInclude Include="PX2CurveEditWindow.hpp">
      <Filter>CurveEditor</Filter>
    </ClInclude>
    <ClInclude Include="PX2EffectActorInspector.hpp">
      <Filter>Inspector\Effect</Filter>
    </ClInclude>
    <ClInclude Include="PX2EffectNodePanel.hpp">
      <Filter>Inspector\Effect</Filter>
    </ClInclude>
    <ClInclude Include="PX2EffectPropertyGrid.hpp">
      <Filter>Inspector\Effect</Filter>
    </ClInclude>
    <ClInclude Include="PX2MovableTransProperty.hpp">
      <Filter>wxExtents\PropertyGrid</Filter>
    </ClInclude>
    <ClInclude Include="PX2EMFloatProperty.hpp">
      <Filter>wxExtents\PropertyGrid</Filter>
    </ClInclude>
    <ClInclude Include="PX2EMFloat3RangeProperty.hpp">
      <Filter>wxExtents\PropertyGrid</Filter>
    </ClInclude>
    <ClInclude Include="PX2DlgSetCurveVal.hpp">
      <Filter>CurveEditor</Filter>
    </ClInclude>
    <ClInclude Include="PX2UIPicBoxPropGrid.hpp">
      <Filter>Inspector\UI</Filter>
    </ClInclude>
    <ClInclude Include="PX2UIFramePropGrid.hpp">
      <Filter>Inspector\UI</Filter>
    </ClInclude>
    <ClInclude Include="PX2UIButtonPropGrid.hpp">
      <Filter>Inspector\UI</Filter>
    </ClInclude>
    <ClInclude Include="PX2UIInspector.hpp">
      <Filter>Inspector\UI</Filter>
    </ClInclude>
    <ClInclude Include="PX2ObjectNameProperty.hpp">
      <Filter>wxExtents\PropertyGrid</Filter>
    </ClInclude>
    <ClInclude Include="PX2ObjectTree.hpp">
      <Filter>ObjectTree</Filter>
    </ClInclude>
    <ClInclude Include="PX2ObjectTreeItem.hpp">
      <Filter>ObjectTree</Filter>
    </ClInclude>
    <ClInclude Include="PX2DlgCreateProject.hpp">
      <Filter>Dlgs</Filter>
    </ClInclude>
    <ClInclude Include="PX2EMFloatRangeProperty.hpp">
      <Filter>wxExtents\PropertyGrid</Filter>
    </ClInclude>
    <ClInclude Include="PX2EMFloat3Property.hpp">
      <Filter>wxExtents\PropertyGrid</Filter>
    </ClInclude>
    <ClInclude Include="PX2UIStaticTextPropGrid.hpp">
      <Filter>Inspector\UI</Filter>
    </ClInclude>
    <ClInclude Include="PX2UIAnimPicBoxPropGrid.hpp">
      <Filter>Inspector\UI</Filter>
    </ClInclude>
    <ClInclude Include="PX2GeneralInspector.hpp">
      <Filter>Inspector\General</Filter>
    </ClInclude>
    <ClInclude Include="PX2GeneralPropertyGrid.hpp">
      <Filter>Inspector\General</Filter>
    </ClInclude>
    <ClInclude Include="PX2ResTreePanel.hpp">
      <Filter>Resource</Filter>
    </ClInclude>
    <ClInclude Include="PX2SkyActorInspector.hpp">
      <Filter>Inspector\Sky</Filter>
    </ClInclude>
    <ClInclude Include="PX2SkyActorPropertyGrid.hpp">
      <Filter>Inspector\Sky</Filter>
    </ClInclude>
  </ItemGroup>
  <ItemGroup>
    <ClCompile Include="PX2EditorApp.cpp">
      <Filter>AppFrame</Filter>
    </ClCompile>
    <ClCompile Include="PX2MainFrame.cpp">
      <Filter>AppFrame</Filter>
    </ClCompile>
    <ClCompile Include="PX2RenderViewWindow.cpp">
      <Filter>RenderView</Filter>
    </ClCompile>
    <ClCompile Include="PX2EditorParams.cpp" />
    <ClCompile Include="PX2ViewCtrl.cpp">
      <Filter>ViewCtrl</Filter>
    </ClCompile>
    <ClCompile Include="PX2GViewCtrl.cpp">
      <Filter>ViewCtrl</Filter>
    </ClCompile>
    <ClCompile Include="PX2ViewCtrlInst.cpp">
      <Filter>ViewCtrl</Filter>
    </ClCompile>
    <ClCompile Include="PX2ViewCtrlInstMan.cpp">
      <Filter>ViewCtrl</Filter>
    </ClCompile>
    <ClCompile Include="PX2DefViewCtrlInst.cpp">
      <Filter>ViewCtrl</Filter>
    </ClCompile>
    <ClCompile Include="PX2MultiViewCtrlInst.cpp">
      <Filter>ViewCtrl</Filter>
    </ClCompile>
    <ClCompile Include="PX2PreViewWindow.cpp">
      <Filter>PreView</Filter>
    </ClCompile>
    <ClCompile Include="PX2ResTree.cpp">
      <Filter>Resource</Filter>
    </ClCompile>
    <ClCompile Include="PX2ResTreeItem.cpp">
      <Filter>Resource</Filter>
    </ClCompile>
    <ClCompile Include="PX2DlgTerainNew.cpp">
      <Filter>Dlgs</Filter>
    </ClCompile>
    <ClCompile Include="wxExtents\captionbar.cpp">
      <Filter>wxExtents\FlodPane</Filter>
    </ClCompile>
    <ClCompile Include="wxExtents\foldpanelbar.cpp">
      <Filter>wxExtents\FlodPane</Filter>
    </ClCompile>
    <ClCompile Include="wxExtents\foldpanelitem.cpp">
      <Filter>wxExtents\FlodPane</Filter>
    </ClCompile>
    <ClCompile Include="PX2PropertyGrid.cpp">
      <Filter>wxExtents\PropertyGrid</Filter>
    </ClCompile>
    <ClCompile Include="PX2PropertyPage.cpp">
      <Filter>wxExtents\PropertyGrid</Filter>
    </ClCompile>
    <ClCompile Include="PX2Property.cpp">
      <Filter>wxExtents\PropertyGrid</Filter>
    </ClCompile>
    <ClCompile Include="wxPropertyExtend.cpp">
      <Filter>wxExtents\PropertyGrid</Filter>
    </ClCompile>
    <ClCompile Include="PX2ActorTransProperty.cpp">
      <Filter>wxExtents\PropertyGrid</Filter>
    </ClCompile>
    <ClCompile Include="PX2ObjectPropertyGrid.cpp">
      <Filter>wxExtents\PropertyGrid</Filter>
    </ClCompile>
    <ClCompile Include="PX2ModelActorPropertyGrid.cpp">
      <Filter>Inspector\Model</Filter>
    </ClCompile>
    <ClCompile Include="PX2ModelActorInspector.cpp">
      <Filter>Inspector\Model</Filter>
    </ClCompile>
    <ClCompile Include="PX2TerrainActorInspector.cpp">
      <Filter>Inspector\Terrain</Filter>
    </ClCompile>
    <ClCompile Include="PX2TerrainActorPropertyGrid.cpp">
      <Filter>Inspector\Terrain</Filter>
    </ClCompile>
    <ClCompile Include="PX2TerrainBrushPane.cpp">
      <Filter>Inspector\Terrain</Filter>
    </ClCompile>
    <ClCompile Include="PX2TerrainHeightPane.cpp">
      <Filter>Inspector\Terrain</Filter>
    </ClCompile>
    <ClCompile Include="PX2TerrainMaterialPane.cpp">
      <Filter>Inspector\Terrain</Filter>
    </ClCompile>
    <ClCompile Include="PX2TerEditCtrl.cpp">
      <Filter>ViewCtrl</Filter>
    </ClCompile>
    <ClCompile Include="PX2TerrainJunglerPane.cpp">
      <Filter>Inspector\Terrain</Filter>
    </ClCompile>
    <ClCompile Include="PX2EnvPanel.cpp">
      <Filter>Inspector\Environment</Filter>
    </ClCompile>
    <ClCompile Include="PX2InspectorWindow.cpp">
      <Filter>Inspector</Filter>
    </ClCompile>
    <ClCompile Include="PX2CurveEditWindow.cpp">
      <Filter>CurveEditor</Filter>
    </ClCompile>
    <ClCompile Include="PX2EffectActorInspector.cpp">
      <Filter>Inspector\Effect</Filter>
    </ClCompile>
    <ClCompile Include="PX2EffectNodePanel.cpp">
      <Filter>Inspector\Effect</Filter>
    </ClCompile>
    <ClCompile Include="PX2EffectPropertyGrid.cpp">
      <Filter>Inspector\Effect</Filter>
    </ClCompile>
    <ClCompile Include="PX2MovableTransProperty.cpp">
      <Filter>wxExtents\PropertyGrid</Filter>
    </ClCompile>
    <ClCompile Include="PX2EMFloatProperty.cpp">
      <Filter>wxExtents\PropertyGrid</Filter>
    </ClCompile>
    <ClCompile Include="PX2EMFloat3RangeProperty.cpp">
      <Filter>wxExtents\PropertyGrid</Filter>
    </ClCompile>
    <ClCompile Include="PX2DlgSetCurveVal.cpp">
      <Filter>CurveEditor</Filter>
    </ClCompile>
    <ClCompile Include="PX2UIPicBoxPropGrid.cpp">
      <Filter>Inspector\UI</Filter>
    </ClCompile>
    <ClCompile Include="PX2UIFramePropGrid.cpp">
      <Filter>Inspector\UI</Filter>
    </ClCompile>
    <ClCompile Include="PX2UIButtonPropGrid.cpp">
      <Filter>Inspector\UI</Filter>
    </ClCompile>
    <ClCompile Include="PX2UIInspector.cpp">
      <Filter>Inspector\UI</Filter>
    </ClCompile>
    <ClCompile Include="PX2ObjectNameProperty.cpp">
      <Filter>wxExtents\PropertyGrid</Filter>
    </ClCompile>
    <ClCompile Include="PX2ObjectTree.cpp">
      <Filter>ObjectTree</Filter>
    </ClCompile>
    <ClCompile Include="PX2ObjectTreeItem.cpp">
      <Filter>ObjectTree</Filter>
    </ClCompile>
    <ClCompile Include="PX2DlgCreateProject.cpp">
      <Filter>Dlgs</Filter>
    </ClCompile>
    <ClCompile Include="PX2EMFloatRangeProperty.cpp">
      <Filter>wxExtents\PropertyGrid</Filter>
    </ClCompile>
    <ClCompile Include="PX2EMFloat3Property.cpp">
      <Filter>wxExtents\PropertyGrid</Filter>
    </ClCompile>
    <ClCompile Include="PX2UIStaticTextPropGrid.cpp">
      <Filter>Inspector\UI</Filter>
    </ClCompile>
    <ClCompile Include="PX2UIAnimPicBoxPropGrid.cpp">
      <Filter>Inspector\UI</Filter>
    </ClCompile>
    <ClCompile Include="PX2GeneralInspector.cpp">
      <Filter>Inspector\General</Filter>
    </ClCompile>
    <ClCompile Include="PX2GeneralPropertyGrid.cpp">
      <Filter>Inspector\General</Filter>
    </ClCompile>
    <ClCompile Include="PX2ResTreePanel.cpp">
      <Filter>Resource</Filter>
    </ClCompile>
    <ClCompile Include="PX2SkyActorInspector.cpp">
      <Filter>Inspector\Sky</Filter>
    </ClCompile>
    <ClCompile Include="PX2SkyActorPropertyGrid.cpp">
      <Filter>Inspector\Sky</Filter>
    </ClCompile>
  </ItemGroup>
  <ItemGroup>
    <None Include="PX2RenderViewWindow.inl">
      <Filter>RenderView</Filter>
    </None>
    <None Include="PX2ViewCtrlInst.inl">
      <Filter>ViewCtrl</Filter>
    </None>
    <None Include="PX2ViewCtrlInstMan.inl">
      <Filter>ViewCtrl</Filter>
    </None>
    <None Include="PX2ViewCtrl.inl">
      <Filter>ViewCtrl</Filter>
    </None>
  </ItemGroup>
</Project>